
Microsoft Visual Studio Solution File, Format Version 12.00
# Visual Studio 15
VisualStudioVersion = 15.0.27130.2027
MinimumVisualStudioVersion = 10.0.40219.1
Project("{FAE04EC0-301F-11D3-BF4B-00C04F79EFBC}") = "iMeter", "iMeter\iMeter.csproj", "{BC193A98-E18A-42E9-A594-FC8CB3E3F118}"
EndProject
Project("{FAE04EC0-301F-11D3-BF4B-00C04F79EFBC}") = "Communication.Core", "Communication.Core\Communication.Core.csproj", "{CE56DF2B-3B8E-4C24-8959-7FA6DDC89AC9}"
EndProject
Project("{FAE04EC0-301F-11D3-BF4B-00C04F79EFBC}") = "Protocol.Core", "Protocol.Core\Protocol.Core.csproj", "{11FC8C7C-3671-4BF1-8061-69981482362B}"
EndProject
Project("{FAE04EC0-301F-11D3-BF4B-00C04F79EFBC}") = "Common", "Common\Common.csproj", "{A60C5D11-E2B7-4AA5-84C4-815E3A0B3AEA}"
EndProject
Project("{FAE04EC0-301F-11D3-BF4B-00C04F79EFBC}") = "Model", "Model\Model.csproj", "{247B517F-2990-4BAF-B232-CB43387A0C06}"
EndProject
Global
	GlobalSection(SolutionConfigurationPlatforms) = preSolution
		Debug|Any CPU = Debug|Any CPU
		Release|Any CPU = Release|Any CPU
	EndGlobalSection
	GlobalSection(ProjectConfigurationPlatforms) = postSolution
		{BC193A98-E18A-42E9-A594-FC8CB3E3F118}.Debug|Any CPU.ActiveCfg = Debug|Any CPU
		{BC193A98-E18A-42E9-A594-FC8CB3E3F118}.Debug|Any CPU.Build.0 = Debug|Any CPU
		{BC193A98-E18A-42E9-A594-FC8CB3E3F118}.Release|Any CPU.ActiveCfg = Release|Any CPU
		{BC193A98-E18A-42E9-A594-FC8CB3E3F118}.Release|Any CPU.Build.0 = Release|Any CPU
		{CE56DF2B-3B8E-4C24-8959-7FA6DDC89AC9}.Debug|Any CPU.ActiveCfg = Debug|Any CPU
		{CE56DF2B-3B8E-4C24-8959-7FA6DDC89AC9}.Debug|Any CPU.Build.0 = Debug|Any CPU
		{CE56DF2B-3B8E-4C24-8959-7FA6DDC89AC9}.Release|Any CPU.ActiveCfg = Release|Any CPU
		{CE56DF2B-3B8E-4C24-8959-7FA6DDC89AC9}.Release|Any CPU.Build.0 = Release|Any CPU
		{11FC8C7C-3671-4BF1-8061-69981482362B}.Debug|Any CPU.ActiveCfg = Debug|Any CPU
		{11FC8C7C-3671-4BF1-8061-69981482362B}.Debug|Any CPU.Build.0 = Debug|Any CPU
		{11FC8C7C-3671-4BF1-8061-69981482362B}.Release|Any CPU.ActiveCfg = Release|Any CPU
		{11FC8C7C-3671-4BF1-8061-69981482362B}.Release|Any CPU.Build.0 = Release|Any CPU
		{A60C5D11-E2B7-4AA5-84C4-815E3A0B3AEA}.Debug|Any CPU.ActiveCfg = Debug|Any CPU
		{A60C5D11-E2B7-4AA5-84C4-815E3A0B3AEA}.Debug|Any CPU.Build.0 = Debug|Any CPU
		{A60C5D11-E2B7-4AA5-84C4-815E3A0B3AEA}.Release|Any CPU.ActiveCfg = Release|Any CPU
		{A60C5D11-E2B7-4AA5-84C4-815E3A0B3AEA}.Release|Any CPU.Build.0 = Release|Any CPU
		{247B517F-2990-4BAF-B232-CB43387A0C06}.Debug|Any CPU.ActiveCfg = Debug|Any CPU
		{247B517F-2990-4BAF-B232-CB43387A0C06}.Debug|Any CPU.Build.0 = Debug|Any CPU
		{247B517F-2990-4BAF-B232-CB43387A0C06}.Release|Any CPU.ActiveCfg = Release|Any CPU
		{247B517F-2990-4BAF-B232-CB43387A0C06}.Release|Any CPU.Build.0 = Release|Any CPU
	EndGlobalSection
	GlobalSection(SolutionProperties) = preSolution
		HideSolutionNode = FALSE
	EndGlobalSection
	GlobalSection(ExtensibilityGlobals) = postSolution
		SolutionGuid = {982A29E0-F136-497C-9198-5D2D9B96317A}
	EndGlobalSection
EndGlobal
